
Microsoft Visual Studio Solution File, Format Version 12.00
# Visual Studio Version 16
VisualStudioVersion = 16.0.30320.27
MinimumVisualStudioVersion = 10.0.40219.1
Project("{FAE04EC0-301F-11D3-BF4B-00C04F79EFBC}") = "HomeWork9", "HomeWork9\HomeWork9.csproj", "{9808884C-C80E-47F9-BA0E-4EFCCF373E12}"
EndProject
Global
	GlobalSection(SolutionConfigurationPlatforms) = preSolution
		Debug|Any CPU = Debug|Any CPU
		Release|Any CPU = Release|Any CPU
	EndGlobalSection
	GlobalSection(ProjectConfigurationPlatforms) = postSolution
		{9808884C-C80E-47F9-BA0E-4EFCCF373E12}.Debug|Any CPU.ActiveCfg = Debug|Any CPU
		{9808884C-C80E-47F9-BA0E-4EFCCF373E12}.Debug|Any CPU.Build.0 = Debug|Any CPU
		{9808884C-C80E-47F9-BA0E-4EFCCF373E12}.Release|Any CPU.ActiveCfg = Release|Any CPU
		{9808884C-C80E-47F9-BA0E-4EFCCF373E12}.Release|Any CPU.Build.0 = Release|Any CPU
	EndGlobalSection
	GlobalSection(SolutionProperties) = preSolution
		HideSolutionNode = FALSE
	EndGlobalSection
	GlobalSection(ExtensibilityGlobals) = postSolution
		SolutionGuid = {5E856ABF-3777-4974-98DD-D0ECE70D4A10}
	EndGlobalSection
EndGlobal
